
Microsoft Visual Studio Solution File, Format Version 12.00
# Visual Studio Version 17
VisualStudioVersion = 17.0.31903.59
MinimumVisualStudioVersion = 10.0.40219.1
Project("{2150E333-8FDC-42A3-9474-1A3956D46DE8}") = "src", "src", "{827E0CD3-B72D-47B6-A68D-7590B98EB39B}"
EndProject
Project("{FAE04EC0-301F-11D3-BF4B-00C04F79EFBC}") = "AppHost", "src\AppHost\AppHost.csproj", "{7CFE313C-4771-42EF-84B6-4F441066A578}"
EndProject
Project("{FAE04EC0-301F-11D3-BF4B-00C04F79EFBC}") = "Shared", "src\Shared\Shared.csproj", "{1CB820F6-74E6-4934-BEF7-E2EFC0E034AC}"
EndProject
Project("{2150E333-8FDC-42A3-9474-1A3956D46DE8}") = "scenarios", "scenarios", "{3AD4E1A9-FDA2-34BD-403E-3093DEEBD16E}"
EndProject
Project("{FAE04EC0-301F-11D3-BF4B-00C04F79EFBC}") = "01-S3.Basic", "scenarios\01-S3.Basic\01-S3.Basic.csproj", "{B286855C-4971-4D20-B422-20E3F55BD681}"
EndProject
Project("{FAE04EC0-301F-11D3-BF4B-00C04F79EFBC}") = "02-SQS.Basic", "scenarios\02-SQS.Basic\02-SQS.Basic.csproj", "{0996C45B-70E4-449B-AE10-EABE20AC0CD0}"
EndProject
Project("{FAE04EC0-301F-11D3-BF4B-00C04F79EFBC}") = "03-DynamoDB.Basic", "scenarios\03-DynamoDB.Basic\03-DynamoDB.Basic.csproj", "{D455429D-3E79-45E3-B822-182D9255D932}"
EndProject
Project("{FAE04EC0-301F-11D3-BF4B-00C04F79EFBC}") = "04-SNS.Basic", "scenarios\04-SNS.Basic\04-SNS.Basic.csproj", "{AD621387-F116-4E40-B255-F44005F74A2A}"
EndProject
Project("{FAE04EC0-301F-11D3-BF4B-00C04F79EFBC}") = "05-SSM.Basic", "scenarios\05-SSM.Basic\05-SSM.Basic.csproj", "{F5E7ECEE-1AC3-4A87-A7C5-EA2534BE9ADE}"
EndProject
Project("{FAE04EC0-301F-11D3-BF4B-00C04F79EFBC}") = "06-SecretsManager.Basic", "scenarios\06-SecretsManager.Basic\06-SecretsManager.Basic.csproj", "{2A1E262A-D5FB-47FB-A4F5-52505521A459}"
EndProject
Project("{FAE04EC0-301F-11D3-BF4B-00C04F79EFBC}") = "07-S3.Lambda.Trigger", "scenarios\07-S3.Lambda.Trigger\07-S3.Lambda.Trigger.csproj", "{4E5E3A87-3B5C-42FD-AA78-6A52FDB17949}"
EndProject
Project("{FAE04EC0-301F-11D3-BF4B-00C04F79EFBC}") = "08-SQS.Lambda.Consumer", "scenarios\08-SQS.Lambda.Consumer\08-SQS.Lambda.Consumer.csproj", "{B9DCE6D0-71F0-4508-825B-13D7B3FAA399}"
EndProject
Project("{FAE04EC0-301F-11D3-BF4B-00C04F79EFBC}") = "09-SNS.SQS.Fanout", "scenarios\09-SNS.SQS.Fanout\09-SNS.SQS.Fanout.csproj", "{D6856EDD-6C4A-49DB-94DF-3D8A7750FC3F}"
EndProject
Project("{FAE04EC0-301F-11D3-BF4B-00C04F79EFBC}") = "10-S3.SQS.Notification", "scenarios\10-S3.SQS.Notification\10-S3.SQS.Notification.csproj", "{635EDC86-3141-4CB1-8FBE-5DF7B8F99031}"
EndProject
Project("{FAE04EC0-301F-11D3-BF4B-00C04F79EFBC}") = "11-DynamoDB.Lambda", "scenarios\11-DynamoDB.Lambda\11-DynamoDB.Lambda.csproj", "{B2C2BFF2-A568-4C67-B24D-E5F36443B853}"
EndProject
Project("{FAE04EC0-301F-11D3-BF4B-00C04F79EFBC}") = "12-Pipeline.S3.SQS.Lambda.DynamoDB", "scenarios\12-Pipeline.S3.SQS.Lambda.DynamoDB\12-Pipeline.S3.SQS.Lambda.DynamoDB.csproj", "{5533FAAE-CB9A-4961-A051-AF5DD8ABE733}"
EndProject
Project("{FAE04EC0-301F-11D3-BF4B-00C04F79EFBC}") = "13-Pipeline.SNS.SQS.Lambda.S3", "scenarios\13-Pipeline.SNS.SQS.Lambda.S3\13-Pipeline.SNS.SQS.Lambda.S3.csproj", "{B63379D7-A93F-4059-8F29-65BB8BF7DD3D}"
EndProject
Project("{FAE04EC0-301F-11D3-BF4B-00C04F79EFBC}") = "14-EventBridge.Lambda", "scenarios\14-EventBridge.Lambda\14-EventBridge.Lambda.csproj", "{2A86FCAA-931C-4945-9CBB-E58A12A6422D}"
EndProject
Project("{FAE04EC0-301F-11D3-BF4B-00C04F79EFBC}") = "15-StepFunctions.Orchestration", "scenarios\15-StepFunctions.Orchestration\15-StepFunctions.Orchestration.csproj", "{16C7502A-109A-4567-B768-6EC9C88C8492}"
EndProject
Project("{FAE04EC0-301F-11D3-BF4B-00C04F79EFBC}") = "16-Pipeline.Scheduler.Router", "scenarios\16-Pipeline.Scheduler.Router\16-Pipeline.Scheduler.Router.csproj", "{CFEA2B2D-EF80-4D0B-9315-A8DCAC9A59C1}"
EndProject
Project("{FAE04EC0-301F-11D3-BF4B-00C04F79EFBC}") = "17-RDS.Basic", "scenarios\17-RDS.Basic\17-RDS.Basic.csproj", "{F7F3773C-DCFA-4B1F-9C78-946B76E1A259}"
EndProject
Project("{FAE04EC0-301F-11D3-BF4B-00C04F79EFBC}") = "18-ECS.RunTask", "scenarios\18-ECS.RunTask\18-ECS.RunTask.csproj", "{559BA316-2E57-4E39-8893-1A81A08D3CD5}"
EndProject
Global
	GlobalSection(SolutionConfigurationPlatforms) = preSolution
		Debug|Any CPU = Debug|Any CPU
		Debug|x64 = Debug|x64
		Debug|x86 = Debug|x86
		Release|Any CPU = Release|Any CPU
		Release|x64 = Release|x64
		Release|x86 = Release|x86
	EndGlobalSection
	GlobalSection(ProjectConfigurationPlatforms) = postSolution
		{7CFE313C-4771-42EF-84B6-4F441066A578}.Debug|Any CPU.ActiveCfg = Debug|Any CPU
		{7CFE313C-4771-42EF-84B6-4F441066A578}.Debug|Any CPU.Build.0 = Debug|Any CPU
		{7CFE313C-4771-42EF-84B6-4F441066A578}.Debug|x64.ActiveCfg = Debug|Any CPU
		{7CFE313C-4771-42EF-84B6-4F441066A578}.Debug|x64.Build.0 = Debug|Any CPU
		{7CFE313C-4771-42EF-84B6-4F441066A578}.Debug|x86.ActiveCfg = Debug|Any CPU
		{7CFE313C-4771-42EF-84B6-4F441066A578}.Debug|x86.Build.0 = Debug|Any CPU
		{7CFE313C-4771-42EF-84B6-4F441066A578}.Release|Any CPU.ActiveCfg = Release|Any CPU
		{7CFE313C-4771-42EF-84B6-4F441066A578}.Release|Any CPU.Build.0 = Release|Any CPU
		{7CFE313C-4771-42EF-84B6-4F441066A578}.Release|x64.ActiveCfg = Release|Any CPU
		{7CFE313C-4771-42EF-84B6-4F441066A578}.Release|x64.Build.0 = Release|Any CPU
		{7CFE313C-4771-42EF-84B6-4F441066A578}.Release|x86.ActiveCfg = Release|Any CPU
		{7CFE313C-4771-42EF-84B6-4F441066A578}.Release|x86.Build.0 = Release|Any CPU
		{1CB820F6-74E6-4934-BEF7-E2EFC0E034AC}.Debug|Any CPU.ActiveCfg = Debug|Any CPU
		{1CB820F6-74E6-4934-BEF7-E2EFC0E034AC}.Debug|Any CPU.Build.0 = Debug|Any CPU
		{1CB820F6-74E6-4934-BEF7-E2EFC0E034AC}.Debug|x64.ActiveCfg = Debug|Any CPU
		{1CB820F6-74E6-4934-BEF7-E2EFC0E034AC}.Debug|x64.Build.0 = Debug|Any CPU
		{1CB820F6-74E6-4934-BEF7-E2EFC0E034AC}.Debug|x86.ActiveCfg = Debug|Any CPU
		{1CB820F6-74E6-4934-BEF7-E2EFC0E034AC}.Debug|x86.Build.0 = Debug|Any CPU
		{1CB820F6-74E6-4934-BEF7-E2EFC0E034AC}.Release|Any CPU.ActiveCfg = Release|Any CPU
		{1CB820F6-74E6-4934-BEF7-E2EFC0E034AC}.Release|Any CPU.Build.0 = Release|Any CPU
		{1CB820F6-74E6-4934-BEF7-E2EFC0E034AC}.Release|x64.ActiveCfg = Release|Any CPU
		{1CB820F6-74E6-4934-BEF7-E2EFC0E034AC}.Release|x64.Build.0 = Release|Any CPU
		{1CB820F6-74E6-4934-BEF7-E2EFC0E034AC}.Release|x86.ActiveCfg = Release|Any CPU
		{1CB820F6-74E6-4934-BEF7-E2EFC0E034AC}.Release|x86.Build.0 = Release|Any CPU
		{B286855C-4971-4D20-B422-20E3F55BD681}.Debug|Any CPU.ActiveCfg = Debug|Any CPU
		{B286855C-4971-4D20-B422-20E3F55BD681}.Debug|Any CPU.Build.0 = Debug|Any CPU
		{B286855C-4971-4D20-B422-20E3F55BD681}.Debug|x64.ActiveCfg = Debug|Any CPU
		{B286855C-4971-4D20-B422-20E3F55BD681}.Debug|x64.Build.0 = Debug|Any CPU
		{B286855C-4971-4D20-B422-20E3F55BD681}.Debug|x86.ActiveCfg = Debug|Any CPU
		{B286855C-4971-4D20-B422-20E3F55BD681}.Debug|x86.Build.0 = Debug|Any CPU
		{B286855C-4971-4D20-B422-20E3F55BD681}.Release|Any CPU.ActiveCfg = Release|Any CPU
		{B286855C-4971-4D20-B422-20E3F55BD681}.Release|Any CPU.Build.0 = Release|Any CPU
		{B286855C-4971-4D20-B422-20E3F55BD681}.Release|x64.ActiveCfg = Release|Any CPU
		{B286855C-4971-4D20-B422-20E3F55BD681}.Release|x64.Build.0 = Release|Any CPU
		{B286855C-4971-4D20-B422-20E3F55BD681}.Release|x86.ActiveCfg = Release|Any CPU
		{B286855C-4971-4D20-B422-20E3F55BD681}.Release|x86.Build.0 = Release|Any CPU
		{0996C45B-70E4-449B-AE10-EABE20AC0CD0}.Debug|Any CPU.ActiveCfg = Debug|Any CPU
		{0996C45B-70E4-449B-AE10-EABE20AC0CD0}.Debug|Any CPU.Build.0 = Debug|Any CPU
		{0996C45B-70E4-449B-AE10-EABE20AC0CD0}.Debug|x64.ActiveCfg = Debug|Any CPU
		{0996C45B-70E4-449B-AE10-EABE20AC0CD0}.Debug|x64.Build.0 = Debug|Any CPU
		{0996C45B-70E4-449B-AE10-EABE20AC0CD0}.Debug|x86.ActiveCfg = Debug|Any CPU
		{0996C45B-70E4-449B-AE10-EABE20AC0CD0}.Debug|x86.Build.0 = Debug|Any CPU
		{0996C45B-70E4-449B-AE10-EABE20AC0CD0}.Release|Any CPU.ActiveCfg = Release|Any CPU
		{0996C45B-70E4-449B-AE10-EABE20AC0CD0}.Release|Any CPU.Build.0 = Release|Any CPU
		{0996C45B-70E4-449B-AE10-EABE20AC0CD0}.Release|x64.ActiveCfg = Release|Any CPU
		{0996C45B-70E4-449B-AE10-EABE20AC0CD0}.Release|x64.Build.0 = Release|Any CPU
		{0996C45B-70E4-449B-AE10-EABE20AC0CD0}.Release|x86.ActiveCfg = Release|Any CPU
		{0996C45B-70E4-449B-AE10-EABE20AC0CD0}.Release|x86.Build.0 = Release|Any CPU
		{D455429D-3E79-45E3-B822-182D9255D932}.Debug|Any CPU.ActiveCfg = Debug|Any CPU
		{D455429D-3E79-45E3-B822-182D9255D932}.Debug|Any CPU.Build.0 = Debug|Any CPU
		{D455429D-3E79-45E3-B822-182D9255D932}.Debug|x64.ActiveCfg = Debug|Any CPU
		{D455429D-3E79-45E3-B822-182D9255D932}.Debug|x64.Build.0 = Debug|Any CPU
		{D455429D-3E79-45E3-B822-182D9255D932}.Debug|x86.ActiveCfg = Debug|Any CPU
		{D455429D-3E79-45E3-B822-182D9255D932}.Debug|x86.Build.0 = Debug|Any CPU
		{D455429D-3E79-45E3-B822-182D9255D932}.Release|Any CPU.ActiveCfg = Release|Any CPU
		{D455429D-3E79-45E3-B822-182D9255D932}.Release|Any CPU.Build.0 = Release|Any CPU
		{D455429D-3E79-45E3-B822-182D9255D932}.Release|x64.ActiveCfg = Release|Any CPU
		{D455429D-3E79-45E3-B822-182D9255D932}.Release|x64.Build.0 = Release|Any CPU
		{D455429D-3E79-45E3-B822-182D9255D932}.Release|x86.ActiveCfg = Release|Any CPU
		{D455429D-3E79-45E3-B822-182D9255D932}.Release|x86.Build.0 = Release|Any CPU
		{AD621387-F116-4E40-B255-F44005F74A2A}.Debug|Any CPU.ActiveCfg = Debug|Any CPU
		{AD621387-F116-4E40-B255-F44005F74A2A}.Debug|Any CPU.Build.0 = Debug|Any CPU
		{AD621387-F116-4E40-B255-F44005F74A2A}.Debug|x64.ActiveCfg = Debug|Any CPU
		{AD621387-F116-4E40-B255-F44005F74A2A}.Debug|x64.Build.0 = Debug|Any CPU
		{AD621387-F116-4E40-B255-F44005F74A2A}.Debug|x86.ActiveCfg = Debug|Any CPU
		{AD621387-F116-4E40-B255-F44005F74A2A}.Debug|x86.Build.0 = Debug|Any CPU
		{AD621387-F116-4E40-B255-F44005F74A2A}.Release|Any CPU.ActiveCfg = Release|Any CPU
		{AD621387-F116-4E40-B255-F44005F74A2A}.Release|Any CPU.Build.0 = Release|Any CPU
		{AD621387-F116-4E40-B255-F44005F74A2A}.Release|x64.ActiveCfg = Release|Any CPU
		{AD621387-F116-4E40-B255-F44005F74A2A}.Release|x64.Build.0 = Release|Any CPU
		{AD621387-F116-4E40-B255-F44005F74A2A}.Release|x86.ActiveCfg = Release|Any CPU
		{AD621387-F116-4E40-B255-F44005F74A2A}.Release|x86.Build.0 = Release|Any CPU
		{F5E7ECEE-1AC3-4A87-A7C5-EA2534BE9ADE}.Debug|Any CPU.ActiveCfg = Debug|Any CPU
		{F5E7ECEE-1AC3-4A87-A7C5-EA2534BE9ADE}.Debug|Any CPU.Build.0 = Debug|Any CPU
		{F5E7ECEE-1AC3-4A87-A7C5-EA2534BE9ADE}.Debug|x64.ActiveCfg = Debug|Any CPU
		{F5E7ECEE-1AC3-4A87-A7C5-EA2534BE9ADE}.Debug|x64.Build.0 = Debug|Any CPU
		{F5E7ECEE-1AC3-4A87-A7C5-EA2534BE9ADE}.Debug|x86.ActiveCfg = Debug|Any CPU
		{F5E7ECEE-1AC3-4A87-A7C5-EA2534BE9ADE}.Debug|x86.Build.0 = Debug|Any CPU
		{F5E7ECEE-1AC3-4A87-A7C5-EA2534BE9ADE}.Release|Any CPU.ActiveCfg = Release|Any CPU
		{F5E7ECEE-1AC3-4A87-A7C5-EA2534BE9ADE}.Release|Any CPU.Build.0 = Release|Any CPU
		{F5E7ECEE-1AC3-4A87-A7C5-EA2534BE9ADE}.Release|x64.ActiveCfg = Release|Any CPU
		{F5E7ECEE-1AC3-4A87-A7C5-EA2534BE9ADE}.Release|x64.Build.0 = Release|Any CPU
		{F5E7ECEE-1AC3-4A87-A7C5-EA2534BE9ADE}.Release|x86.ActiveCfg = Release|Any CPU
		{F5E7ECEE-1AC3-4A87-A7C5-EA2534BE9ADE}.Release|x86.Build.0 = Release|Any CPU
		{2A1E262A-D5FB-47FB-A4F5-52505521A459}.Debug|Any CPU.ActiveCfg = Debug|Any CPU
		{2A1E262A-D5FB-47FB-A4F5-52505521A459}.Debug|Any CPU.Build.0 = Debug|Any CPU
		{2A1E262A-D5FB-47FB-A4F5-52505521A459}.Debug|x64.ActiveCfg = Debug|Any CPU
		{2A1E262A-D5FB-47FB-A4F5-52505521A459}.Debug|x64.Build.0 = Debug|Any CPU
		{2A1E262A-D5FB-47FB-A4F5-52505521A459}.Debug|x86.ActiveCfg = Debug|Any CPU
		{2A1E262A-D5FB-47FB-A4F5-52505521A459}.Debug|x86.Build.0 = Debug|Any CPU
		{2A1E262A-D5FB-47FB-A4F5-52505521A459}.Release|Any CPU.ActiveCfg = Release|Any CPU
		{2A1E262A-D5FB-47FB-A4F5-52505521A459}.Release|Any CPU.Build.0 = Release|Any CPU
		{2A1E262A-D5FB-47FB-A4F5-52505521A459}.Release|x64.ActiveCfg = Release|Any CPU
		{2A1E262A-D5FB-47FB-A4F5-52505521A459}.Release|x64.Build.0 = Release|Any CPU
		{2A1E262A-D5FB-47FB-A4F5-52505521A459}.Release|x86.ActiveCfg = Release|Any CPU
		{2A1E262A-D5FB-47FB-A4F5-52505521A459}.Release|x86.Build.0 = Release|Any CPU
		{4E5E3A87-3B5C-42FD-AA78-6A52FDB17949}.Debug|Any CPU.ActiveCfg = Debug|Any CPU
		{4E5E3A87-3B5C-42FD-AA78-6A52FDB17949}.Debug|Any CPU.Build.0 = Debug|Any CPU
		{4E5E3A87-3B5C-42FD-AA78-6A52FDB17949}.Debug|x64.ActiveCfg = Debug|Any CPU
		{4E5E3A87-3B5C-42FD-AA78-6A52FDB17949}.Debug|x64.Build.0 = Debug|Any CPU
		{4E5E3A87-3B5C-42FD-AA78-6A52FDB17949}.Debug|x86.ActiveCfg = Debug|Any CPU
		{4E5E3A87-3B5C-42FD-AA78-6A52FDB17949}.Debug|x86.Build.0 = Debug|Any CPU
		{4E5E3A87-3B5C-42FD-AA78-6A52FDB17949}.Release|Any CPU.ActiveCfg = Release|Any CPU
		{4E5E3A87-3B5C-42FD-AA78-6A52FDB17949}.Release|Any CPU.Build.0 = Release|Any CPU
		{4E5E3A87-3B5C-42FD-AA78-6A52FDB17949}.Release|x64.ActiveCfg = Release|Any CPU
		{4E5E3A87-3B5C-42FD-AA78-6A52FDB17949}.Release|x64.Build.0 = Release|Any CPU
		{4E5E3A87-3B5C-42FD-AA78-6A52FDB17949}.Release|x86.ActiveCfg = Release|Any CPU
		{4E5E3A87-3B5C-42FD-AA78-6A52FDB17949}.Release|x86.Build.0 = Release|Any CPU
		{B9DCE6D0-71F0-4508-825B-13D7B3FAA399}.Debug|Any CPU.ActiveCfg = Debug|Any CPU
		{B9DCE6D0-71F0-4508-825B-13D7B3FAA399}.Debug|Any CPU.Build.0 = Debug|Any CPU
		{B9DCE6D0-71F0-4508-825B-13D7B3FAA399}.Debug|x64.ActiveCfg = Debug|Any CPU
		{B9DCE6D0-71F0-4508-825B-13D7B3FAA399}.Debug|x64.Build.0 = Debug|Any CPU
		{B9DCE6D0-71F0-4508-825B-13D7B3FAA399}.Debug|x86.ActiveCfg = Debug|Any CPU
		{B9DCE6D0-71F0-4508-825B-13D7B3FAA399}.Debug|x86.Build.0 = Debug|Any CPU
		{B9DCE6D0-71F0-4508-825B-13D7B3FAA399}.Release|Any CPU.ActiveCfg = Release|Any CPU
		{B9DCE6D0-71F0-4508-825B-13D7B3FAA399}.Release|Any CPU.Build.0 = Release|Any CPU
		{B9DCE6D0-71F0-4508-825B-13D7B3FAA399}.Release|x64.ActiveCfg = Release|Any CPU
		{B9DCE6D0-71F0-4508-825B-13D7B3FAA399}.Release|x64.Build.0 = Release|Any CPU
		{B9DCE6D0-71F0-4508-825B-13D7B3FAA399}.Release|x86.ActiveCfg = Release|Any CPU
		{B9DCE6D0-71F0-4508-825B-13D7B3FAA399}.Release|x86.Build.0 = Release|Any CPU
		{D6856EDD-6C4A-49DB-94DF-3D8A7750FC3F}.Debug|Any CPU.ActiveCfg = Debug|Any CPU
		{D6856EDD-6C4A-49DB-94DF-3D8A7750FC3F}.Debug|Any CPU.Build.0 = Debug|Any CPU
		{D6856EDD-6C4A-49DB-94DF-3D8A7750FC3F}.Debug|x64.ActiveCfg = Debug|Any CPU
		{D6856EDD-6C4A-49DB-94DF-3D8A7750FC3F}.Debug|x64.Build.0 = Debug|Any CPU
		{D6856EDD-6C4A-49DB-94DF-3D8A7750FC3F}.Debug|x86.ActiveCfg = Debug|Any CPU
		{D6856EDD-6C4A-49DB-94DF-3D8A7750FC3F}.Debug|x86.Build.0 = Debug|Any CPU
		{D6856EDD-6C4A-49DB-94DF-3D8A7750FC3F}.Release|Any CPU.ActiveCfg = Release|Any CPU
		{D6856EDD-6C4A-49DB-94DF-3D8A7750FC3F}.Release|Any CPU.Build.0 = Release|Any CPU
		{D6856EDD-6C4A-49DB-94DF-3D8A7750FC3F}.Release|x64.ActiveCfg = Release|Any CPU
		{D6856EDD-6C4A-49DB-94DF-3D8A7750FC3F}.Release|x64.Build.0 = Release|Any CPU
		{D6856EDD-6C4A-49DB-94DF-3D8A7750FC3F}.Release|x86.ActiveCfg = Release|Any CPU
		{D6856EDD-6C4A-49DB-94DF-3D8A7750FC3F}.Release|x86.Build.0 = Release|Any CPU
		{635EDC86-3141-4CB1-8FBE-5DF7B8F99031}.Debug|Any CPU.ActiveCfg = Debug|Any CPU
		{635EDC86-3141-4CB1-8FBE-5DF7B8F99031}.Debug|Any CPU.Build.0 = Debug|Any CPU
		{635EDC86-3141-4CB1-8FBE-5DF7B8F99031}.Debug|x64.ActiveCfg = Debug|Any CPU
		{635EDC86-3141-4CB1-8FBE-5DF7B8F99031}.Debug|x64.Build.0 = Debug|Any CPU
		{635EDC86-3141-4CB1-8FBE-5DF7B8F99031}.Debug|x86.ActiveCfg = Debug|Any CPU
		{635EDC86-3141-4CB1-8FBE-5DF7B8F99031}.Debug|x86.Build.0 = Debug|Any CPU
		{635EDC86-3141-4CB1-8FBE-5DF7B8F99031}.Release|Any CPU.ActiveCfg = Release|Any CPU
		{635EDC86-3141-4CB1-8FBE-5DF7B8F99031}.Release|Any CPU.Build.0 = Release|Any CPU
		{635EDC86-3141-4CB1-8FBE-5DF7B8F99031}.Release|x64.ActiveCfg = Release|Any CPU
		{635EDC86-3141-4CB1-8FBE-5DF7B8F99031}.Release|x64.Build.0 = Release|Any CPU
		{635EDC86-3141-4CB1-8FBE-5DF7B8F99031}.Release|x86.ActiveCfg = Release|Any CPU
		{635EDC86-3141-4CB1-8FBE-5DF7B8F99031}.Release|x86.Build.0 = Release|Any CPU
		{B2C2BFF2-A568-4C67-B24D-E5F36443B853}.Debug|Any CPU.ActiveCfg = Debug|Any CPU
		{B2C2BFF2-A568-4C67-B24D-E5F36443B853}.Debug|Any CPU.Build.0 = Debug|Any CPU
		{B2C2BFF2-A568-4C67-B24D-E5F36443B853}.Debug|x64.ActiveCfg = Debug|Any CPU
		{B2C2BFF2-A568-4C67-B24D-E5F36443B853}.Debug|x64.Build.0 = Debug|Any CPU
		{B2C2BFF2-A568-4C67-B24D-E5F36443B853}.Debug|x86.ActiveCfg = Debug|Any CPU
		{B2C2BFF2-A568-4C67-B24D-E5F36443B853}.Debug|x86.Build.0 = Debug|Any CPU
		{B2C2BFF2-A568-4C67-B24D-E5F36443B853}.Release|Any CPU.ActiveCfg = Release|Any CPU
		{B2C2BFF2-A568-4C67-B24D-E5F36443B853}.Release|Any CPU.Build.0 = Release|Any CPU
		{B2C2BFF2-A568-4C67-B24D-E5F36443B853}.Release|x64.ActiveCfg = Release|Any CPU
		{B2C2BFF2-A568-4C67-B24D-E5F36443B853}.Release|x64.Build.0 = Release|Any CPU
		{B2C2BFF2-A568-4C67-B24D-E5F36443B853}.Release|x86.ActiveCfg = Release|Any CPU
		{B2C2BFF2-A568-4C67-B24D-E5F36443B853}.Release|x86.Build.0 = Release|Any CPU
		{5533FAAE-CB9A-4961-A051-AF5DD8ABE733}.Debug|Any CPU.ActiveCfg = Debug|Any CPU
		{5533FAAE-CB9A-4961-A051-AF5DD8ABE733}.Debug|Any CPU.Build.0 = Debug|Any CPU
		{5533FAAE-CB9A-4961-A051-AF5DD8ABE733}.Debug|x64.ActiveCfg = Debug|Any CPU
		{5533FAAE-CB9A-4961-A051-AF5DD8ABE733}.Debug|x64.Build.0 = Debug|Any CPU
		{5533FAAE-CB9A-4961-A051-AF5DD8ABE733}.Debug|x86.ActiveCfg = Debug|Any CPU
		{5533FAAE-CB9A-4961-A051-AF5DD8ABE733}.Debug|x86.Build.0 = Debug|Any CPU
		{5533FAAE-CB9A-4961-A051-AF5DD8ABE733}.Release|Any CPU.ActiveCfg = Release|Any CPU
		{5533FAAE-CB9A-4961-A051-AF5DD8ABE733}.Release|Any CPU.Build.0 = Release|Any CPU
		{5533FAAE-CB9A-4961-A051-AF5DD8ABE733}.Release|x64.ActiveCfg = Release|Any CPU
		{5533FAAE-CB9A-4961-A051-AF5DD8ABE733}.Release|x64.Build.0 = Release|Any CPU
		{5533FAAE-CB9A-4961-A051-AF5DD8ABE733}.Release|x86.ActiveCfg = Release|Any CPU
		{5533FAAE-CB9A-4961-A051-AF5DD8ABE733}.Release|x86.Build.0 = Release|Any CPU
		{B63379D7-A93F-4059-8F29-65BB8BF7DD3D}.Debug|Any CPU.ActiveCfg = Debug|Any CPU
		{B63379D7-A93F-4059-8F29-65BB8BF7DD3D}.Debug|Any CPU.Build.0 = Debug|Any CPU
		{B63379D7-A93F-4059-8F29-65BB8BF7DD3D}.Debug|x64.ActiveCfg = Debug|Any CPU
		{B63379D7-A93F-4059-8F29-65BB8BF7DD3D}.Debug|x64.Build.0 = Debug|Any CPU
		{B63379D7-A93F-4059-8F29-65BB8BF7DD3D}.Debug|x86.ActiveCfg = Debug|Any CPU
		{B63379D7-A93F-4059-8F29-65BB8BF7DD3D}.Debug|x86.Build.0 = Debug|Any CPU
		{B63379D7-A93F-4059-8F29-65BB8BF7DD3D}.Release|Any CPU.ActiveCfg = Release|Any CPU
		{B63379D7-A93F-4059-8F29-65BB8BF7DD3D}.Release|Any CPU.Build.0 = Release|Any CPU
		{B63379D7-A93F-4059-8F29-65BB8BF7DD3D}.Release|x64.ActiveCfg = Release|Any CPU
		{B63379D7-A93F-4059-8F29-65BB8BF7DD3D}.Release|x64.Build.0 = Release|Any CPU
		{B63379D7-A93F-4059-8F29-65BB8BF7DD3D}.Release|x86.ActiveCfg = Release|Any CPU
		{B63379D7-A93F-4059-8F29-65BB8BF7DD3D}.Release|x86.Build.0 = Release|Any CPU
		{2A86FCAA-931C-4945-9CBB-E58A12A6422D}.Debug|Any CPU.ActiveCfg = Debug|Any CPU
		{2A86FCAA-931C-4945-9CBB-E58A12A6422D}.Debug|Any CPU.Build.0 = Debug|Any CPU
		{2A86FCAA-931C-4945-9CBB-E58A12A6422D}.Debug|x64.ActiveCfg = Debug|Any CPU
		{2A86FCAA-931C-4945-9CBB-E58A12A6422D}.Debug|x64.Build.0 = Debug|Any CPU
		{2A86FCAA-931C-4945-9CBB-E58A12A6422D}.Debug|x86.ActiveCfg = Debug|Any CPU
		{2A86FCAA-931C-4945-9CBB-E58A12A6422D}.Debug|x86.Build.0 = Debug|Any CPU
		{2A86FCAA-931C-4945-9CBB-E58A12A6422D}.Release|Any CPU.ActiveCfg = Release|Any CPU
		{2A86FCAA-931C-4945-9CBB-E58A12A6422D}.Release|Any CPU.Build.0 = Release|Any CPU
		{2A86FCAA-931C-4945-9CBB-E58A12A6422D}.Release|x64.ActiveCfg = Release|Any CPU
		{2A86FCAA-931C-4945-9CBB-E58A12A6422D}.Release|x64.Build.0 = Release|Any CPU
		{2A86FCAA-931C-4945-9CBB-E58A12A6422D}.Release|x86.ActiveCfg = Release|Any CPU
		{2A86FCAA-931C-4945-9CBB-E58A12A6422D}.Release|x86.Build.0 = Release|Any CPU
		{16C7502A-109A-4567-B768-6EC9C88C8492}.Debug|Any CPU.ActiveCfg = Debug|Any CPU
		{16C7502A-109A-4567-B768-6EC9C88C8492}.Debug|Any CPU.Build.0 = Debug|Any CPU
		{16C7502A-109A-4567-B768-6EC9C88C8492}.Debug|x64.ActiveCfg = Debug|Any CPU
		{16C7502A-109A-4567-B768-6EC9C88C8492}.Debug|x64.Build.0 = Debug|Any CPU
		{16C7502A-109A-4567-B768-6EC9C88C8492}.Debug|x86.ActiveCfg = Debug|Any CPU
		{16C7502A-109A-4567-B768-6EC9C88C8492}.Debug|x86.Build.0 = Debug|Any CPU
		{16C7502A-109A-4567-B768-6EC9C88C8492}.Release|Any CPU.ActiveCfg = Release|Any CPU
		{16C7502A-109A-4567-B768-6EC9C88C8492}.Release|Any CPU.Build.0 = Release|Any CPU
		{16C7502A-109A-4567-B768-6EC9C88C8492}.Release|x64.ActiveCfg = Release|Any CPU
		{16C7502A-109A-4567-B768-6EC9C88C8492}.Release|x64.Build.0 = Release|Any CPU
		{16C7502A-109A-4567-B768-6EC9C88C8492}.Release|x86.ActiveCfg = Release|Any CPU
		{16C7502A-109A-4567-B768-6EC9C88C8492}.Release|x86.Build.0 = Release|Any CPU
		{CFEA2B2D-EF80-4D0B-9315-A8DCAC9A59C1}.Debug|Any CPU.ActiveCfg = Debug|Any CPU
		{CFEA2B2D-EF80-4D0B-9315-A8DCAC9A59C1}.Debug|Any CPU.Build.0 = Debug|Any CPU
		{CFEA2B2D-EF80-4D0B-9315-A8DCAC9A59C1}.Debug|x64.ActiveCfg = Debug|Any CPU
		{CFEA2B2D-EF80-4D0B-9315-A8DCAC9A59C1}.Debug|x64.Build.0 = Debug|Any CPU
		{CFEA2B2D-EF80-4D0B-9315-A8DCAC9A59C1}.Debug|x86.ActiveCfg = Debug|Any CPU
		{CFEA2B2D-EF80-4D0B-9315-A8DCAC9A59C1}.Debug|x86.Build.0 = Debug|Any CPU
		{CFEA2B2D-EF80-4D0B-9315-A8DCAC9A59C1}.Release|Any CPU.ActiveCfg = Release|Any CPU
		{CFEA2B2D-EF80-4D0B-9315-A8DCAC9A59C1}.Release|Any CPU.Build.0 = Release|Any CPU
		{CFEA2B2D-EF80-4D0B-9315-A8DCAC9A59C1}.Release|x64.ActiveCfg = Release|Any CPU
		{CFEA2B2D-EF80-4D0B-9315-A8DCAC9A59C1}.Release|x64.Build.0 = Release|Any CPU
		{CFEA2B2D-EF80-4D0B-9315-A8DCAC9A59C1}.Release|x86.ActiveCfg = Release|Any CPU
		{CFEA2B2D-EF80-4D0B-9315-A8DCAC9A59C1}.Release|x86.Build.0 = Release|Any CPU
		{F7F3773C-DCFA-4B1F-9C78-946B76E1A259}.Debug|Any CPU.ActiveCfg = Debug|Any CPU
		{F7F3773C-DCFA-4B1F-9C78-946B76E1A259}.Debug|Any CPU.Build.0 = Debug|Any CPU
		{F7F3773C-DCFA-4B1F-9C78-946B76E1A259}.Debug|x64.ActiveCfg = Debug|Any CPU
		{F7F3773C-DCFA-4B1F-9C78-946B76E1A259}.Debug|x64.Build.0 = Debug|Any CPU
		{F7F3773C-DCFA-4B1F-9C78-946B76E1A259}.Debug|x86.ActiveCfg = Debug|Any CPU
		{F7F3773C-DCFA-4B1F-9C78-946B76E1A259}.Debug|x86.Build.0 = Debug|Any CPU
		{F7F3773C-DCFA-4B1F-9C78-946B76E1A259}.Release|Any CPU.ActiveCfg = Release|Any CPU
		{F7F3773C-DCFA-4B1F-9C78-946B76E1A259}.Release|Any CPU.Build.0 = Release|Any CPU
		{F7F3773C-DCFA-4B1F-9C78-946B76E1A259}.Release|x64.ActiveCfg = Release|Any CPU
		{F7F3773C-DCFA-4B1F-9C78-946B76E1A259}.Release|x64.Build.0 = Release|Any CPU
		{F7F3773C-DCFA-4B1F-9C78-946B76E1A259}.Release|x86.ActiveCfg = Release|Any CPU
		{F7F3773C-DCFA-4B1F-9C78-946B76E1A259}.Release|x86.Build.0 = Release|Any CPU
		{559BA316-2E57-4E39-8893-1A81A08D3CD5}.Debug|Any CPU.ActiveCfg = Debug|Any CPU
		{559BA316-2E57-4E39-8893-1A81A08D3CD5}.Debug|Any CPU.Build.0 = Debug|Any CPU
		{559BA316-2E57-4E39-8893-1A81A08D3CD5}.Debug|x64.ActiveCfg = Debug|Any CPU
		{559BA316-2E57-4E39-8893-1A81A08D3CD5}.Debug|x64.Build.0 = Debug|Any CPU
		{559BA316-2E57-4E39-8893-1A81A08D3CD5}.Debug|x86.ActiveCfg = Debug|Any CPU
		{559BA316-2E57-4E39-8893-1A81A08D3CD5}.Debug|x86.Build.0 = Debug|Any CPU
		{559BA316-2E57-4E39-8893-1A81A08D3CD5}.Release|Any CPU.ActiveCfg = Release|Any CPU
		{559BA316-2E57-4E39-8893-1A81A08D3CD5}.Release|Any CPU.Build.0 = Release|Any CPU
		{559BA316-2E57-4E39-8893-1A81A08D3CD5}.Release|x64.ActiveCfg = Release|Any CPU
		{559BA316-2E57-4E39-8893-1A81A08D3CD5}.Release|x64.Build.0 = Release|Any CPU
		{559BA316-2E57-4E39-8893-1A81A08D3CD5}.Release|x86.ActiveCfg = Release|Any CPU
		{559BA316-2E57-4E39-8893-1A81A08D3CD5}.Release|x86.Build.0 = Release|Any CPU
	EndGlobalSection
	GlobalSection(SolutionProperties) = preSolution
		HideSolutionNode = FALSE
	EndGlobalSection
	GlobalSection(NestedProjects) = preSolution
		{7CFE313C-4771-42EF-84B6-4F441066A578} = {827E0CD3-B72D-47B6-A68D-7590B98EB39B}
		{1CB820F6-74E6-4934-BEF7-E2EFC0E034AC} = {827E0CD3-B72D-47B6-A68D-7590B98EB39B}
		{B286855C-4971-4D20-B422-20E3F55BD681} = {3AD4E1A9-FDA2-34BD-403E-3093DEEBD16E}
		{0996C45B-70E4-449B-AE10-EABE20AC0CD0} = {3AD4E1A9-FDA2-34BD-403E-3093DEEBD16E}
		{D455429D-3E79-45E3-B822-182D9255D932} = {3AD4E1A9-FDA2-34BD-403E-3093DEEBD16E}
		{AD621387-F116-4E40-B255-F44005F74A2A} = {3AD4E1A9-FDA2-34BD-403E-3093DEEBD16E}
		{F5E7ECEE-1AC3-4A87-A7C5-EA2534BE9ADE} = {3AD4E1A9-FDA2-34BD-403E-3093DEEBD16E}
		{2A1E262A-D5FB-47FB-A4F5-52505521A459} = {3AD4E1A9-FDA2-34BD-403E-3093DEEBD16E}
		{4E5E3A87-3B5C-42FD-AA78-6A52FDB17949} = {3AD4E1A9-FDA2-34BD-403E-3093DEEBD16E}
		{B9DCE6D0-71F0-4508-825B-13D7B3FAA399} = {3AD4E1A9-FDA2-34BD-403E-3093DEEBD16E}
		{D6856EDD-6C4A-49DB-94DF-3D8A7750FC3F} = {3AD4E1A9-FDA2-34BD-403E-3093DEEBD16E}
		{635EDC86-3141-4CB1-8FBE-5DF7B8F99031} = {3AD4E1A9-FDA2-34BD-403E-3093DEEBD16E}
		{B2C2BFF2-A568-4C67-B24D-E5F36443B853} = {3AD4E1A9-FDA2-34BD-403E-3093DEEBD16E}
		{5533FAAE-CB9A-4961-A051-AF5DD8ABE733} = {3AD4E1A9-FDA2-34BD-403E-3093DEEBD16E}
		{B63379D7-A93F-4059-8F29-65BB8BF7DD3D} = {3AD4E1A9-FDA2-34BD-403E-3093DEEBD16E}
		{2A86FCAA-931C-4945-9CBB-E58A12A6422D} = {3AD4E1A9-FDA2-34BD-403E-3093DEEBD16E}
		{16C7502A-109A-4567-B768-6EC9C88C8492} = {3AD4E1A9-FDA2-34BD-403E-3093DEEBD16E}
		{CFEA2B2D-EF80-4D0B-9315-A8DCAC9A59C1} = {3AD4E1A9-FDA2-34BD-403E-3093DEEBD16E}
		{F7F3773C-DCFA-4B1F-9C78-946B76E1A259} = {3AD4E1A9-FDA2-34BD-403E-3093DEEBD16E}
		{559BA316-2E57-4E39-8893-1A81A08D3CD5} = {3AD4E1A9-FDA2-34BD-403E-3093DEEBD16E}
	EndGlobalSection
EndGlobal
